<?xml version="1.0" encoding="utf-8"?>
<Project ToolsVersion="4.0" xmlns="http://schemas.microsoft.com/developer/msbuild/2003">
  <ItemGroup>
    <Filter Include="Source Files">
      <UniqueIdentifier>{4FC737F1-C7A5-4376-A066-2A32D752A2FF}</UniqueIdentifier>
      <Extensions>cpp;c;cc;cxx;def;odl;idl;hpj;bat;asm;asmx</Extensions>
    </Filter>
    <Filter Include="Header Files">
      <UniqueIdentifier>{93995380-89BD-4b04-88EB-625FBE52EBFB}</UniqueIdentifier>
      <Extensions>h;hh;hpp;hxx;hm;inl;inc;xsd</Extensions>
    </Filter>
    <Filter Include="Resource Files">
      <UniqueIdentifier>{67DA6AB6-F800-4c08-8B7A-83BB121AAD01}</UniqueIdentifier>
      <Extensions>rc;ico;cur;bmp;dlg;rc2;rct;bin;rgs;gif;jpg;jpeg;jpe;resx;tiff;tif;png;wav;mfcribbon-ms</Extensions>
    </Filter>
    <Filter Include="Header Files\Interfaces">
      <UniqueIdentifier>{96b27806-d05a-4744-83cd-2b4cf7e7f8e9}</UniqueIdentifier>
    </Filter>
    <Filter Include="Header Files\Handlers">
      <UniqueIdentifier>{2818aa10-84fa-4265-b5aa-c65d31911f80}</UniqueIdentifier>
    </Filter>
    <Filter Include="Header Files\Generic Utils">
      <UniqueIdentifier>{a9f1d22b-f6bc-404d-a498-8c9d0125b110}</UniqueIdentifier>
    </Filter>
    <Filter Include="Header Files\Abstract Classes">
      <UniqueIdentifier>{7de83a1b-1b2a-4734-93bb-2ed7a7525c43}</UniqueIdentifier>
    </Filter>
    <Filter Include="Header Files\Concrete Classes">
      <UniqueIdentifier>{fb02d11a-39d7-4fee-9233-967ababdeb93}</UniqueIdentifier>
    </Filter>
    <Filter Include="Header Files\Enums">
      <UniqueIdentifier>{86d0be33-71b4-47bc-8ed6-04b1ef8c7f37}</UniqueIdentifier>
    </Filter>
  </ItemGroup>
  <ItemGroup>
    <None Include="packages.config" />
  </ItemGroup>
  <ItemGroup>
    <ClCompile Include="src.cpp">
      <Filter>Source Files</Filter>
    </ClCompile>
  </ItemGroup>
  <ItemGroup>
    <ClInclude Include="BGMHandler.h">
      <Filter>Header Files\Handlers</Filter>
    </ClInclude>
    <ClInclude Include="SoundHandler.h">
      <Filter>Header Files\Handlers</Filter>
    </ClInclude>
    <ClInclude Include="InputHandler.h">
      <Filter>Header Files\Handlers</Filter>
    </ClInclude>
    <ClInclude Include="Node.h">
      <Filter>Header Files\Generic Utils</Filter>
    </ClInclude>
    <ClInclude Include="DoublyLinkedList.h">
      <Filter>Header Files\Generic Utils</Filter>
    </ClInclude>
    <ClInclude Include="IController.h">
      <Filter>Header Files\Interfaces</Filter>
    </ClInclude>
    <ClInclude Include="Rectangle.h">
      <Filter>Header Files\Generic Utils</Filter>
    </ClInclude>
    <ClInclude Include="Point.h">
      <Filter>Header Files\Generic Utils</Filter>
    </ClInclude>
    <ClInclude Include="AI.h">
      <Filter>Header Files\Concrete Classes</Filter>
    </ClInclude>
    <ClInclude Include="Bullet.h">
      <Filter>Header Files\Concrete Classes</Filter>
    </ClInclude>
    <ClInclude Include="Crab.h">
      <Filter>Header Files\Concrete Classes</Filter>
    </ClInclude>
    <ClInclude Include="Game.h">
      <Filter>Header Files\Concrete Classes</Filter>
    </ClInclude>
    <ClInclude Include="GameObject.h">
      <Filter>Header Files\Abstract Classes</Filter>
    </ClInclude>
    <ClInclude Include="Item.h">
      <Filter>Header Files\Abstract Classes</Filter>
    </ClInclude>
    <ClInclude Include="InputFlags.h">
      <Filter>Header Files\Enums</Filter>
    </ClInclude>
    <ClInclude Include="StartingPlayer.h">
      <Filter>Header Files\Concrete Classes</Filter>
    </ClInclude>
    <ClInclude Include="Projectile.h">
      <Filter>Header Files\Abstract Classes</Filter>
    </ClInclude>
    <ClInclude Include="Pickup.h">
      <Filter>Header Files\Abstract Classes</Filter>
    </ClInclude>
    <ClInclude Include="Playable.h">
      <Filter>Header Files\Abstract Classes</Filter>
    </ClInclude>
    <ClInclude Include="RenderHandler.h">
      <Filter>Header Files\Handlers</Filter>
    </ClInclude>
    <ClInclude Include="ImageMap.h">
      <Filter>Header Files\Enums</Filter>
    </ClInclude>
    <ClInclude Include="SoundMap.h">
      <Filter>Header Files\Enums</Filter>
    </ClInclude>
    <ClInclude Include="IGeometry.h">
      <Filter>Header Files\Interfaces</Filter>
    </ClInclude>
    <ClInclude Include="Pistol.h">
      <Filter>Header Files\Concrete Classes</Filter>
    </ClInclude>
  </ItemGroup>
</Project>